
Microsoft Visual Studio Solution File, Format Version 12.00
# Visual Studio Version 16
VisualStudioVersion = 16.0.30907.101
MinimumVisualStudioVersion = 10.0.40219.1
Project("{FAE04EC0-301F-11D3-BF4B-00C04F79EFBC}") = "OVFSliceViewer", "OVFSliceViewer.csproj", "{131DF945-694C-44EE-93E8-91506D8EC2BE}"
	ProjectSection(ProjectDependencies) = postProject
		{F704F525-35D2-4138-8F95-14F8F5A0AD92} = {F704F525-35D2-4138-8F95-14F8F5A0AD92}
		{D0488E66-2536-45F7-B298-DDBE80A1DAEE} = {D0488E66-2536-45F7-B298-DDBE80A1DAEE}
		{662B5772-45FB-4250-B295-CF943E7EE18A} = {662B5772-45FB-4250-B295-CF943E7EE18A}
	EndProjectSection
EndProject
Project("{2150E333-8FDC-42A3-9474-1A3956D46DE8}") = "OpenVectorFormat", "OpenVectorFormat", "{386EB411-E8E4-4DF0-8914-78773C0B0265}"
EndProject
Project("{9A19103F-16F7-4668-BE54-9A1E7A4F7556}") = "AbstractReaderWriter", "OpenVectorFormat\ReaderWriter\AbstractReaderWriter\AbstractReaderWriter.csproj", "{662B5772-45FB-4250-B295-CF943E7EE18A}"
EndProject
Project("{9A19103F-16F7-4668-BE54-9A1E7A4F7556}") = "OVFReaderWriter", "OpenVectorFormat\ReaderWriter\OVFReaderWriter\OVFReaderWriter.csproj", "{D0488E66-2536-45F7-B298-DDBE80A1DAEE}"
EndProject
Project("{9A19103F-16F7-4668-BE54-9A1E7A4F7556}") = "OVFDefinition", "OpenVectorFormat\ReaderWriter\OVFDefinition\OVFDefinition.csproj", "{F704F525-35D2-4138-8F95-14F8F5A0AD92}"
EndProject
Project("{9A19103F-16F7-4668-BE54-9A1E7A4F7556}") = "PlausibilityChecker", "OpenVectorFormat\PlausibilityChecker\PlausibilityChecker\PlausibilityChecker.csproj", "{434B0150-3E6A-4367-AE3D-8FE223EF124A}"
EndProject
Project("{9A19103F-16F7-4668-BE54-9A1E7A4F7556}") = "FileReaderWriterFactory", "OpenVectorFormat\ReaderWriter\FileReaderWriterFactory\FileReaderWriterFactory.csproj", "{BEB4B8D5-C1E1-459A-B15E-CF222E585723}"
EndProject
Project("{2150E333-8FDC-42A3-9474-1A3956D46DE8}") = "FormatAdapter", "FormatAdapter", "{49255480-F0E1-4A64-A899-F676C4577B61}"
EndProject
Project("{9A19103F-16F7-4668-BE54-9A1E7A4F7556}") = "ILTFileReader", "OpenVectorFormat\ReaderWriter\3rdPartyFormatAdapters\CLI_ILT\iltFileReader\ILTFileReader.csproj", "{C6CA8E21-76A4-4F3C-A914-DD8ECE58A87F}"
EndProject
Project("{9A19103F-16F7-4668-BE54-9A1E7A4F7556}") = "ILTFileReaderAdapter", "OpenVectorFormat\ReaderWriter\3rdPartyFormatAdapters\CLI_ILT\ILTFileReaderAdapter\ILTFileReaderAdapter.csproj", "{DE72F5E5-2F92-4ECC-9287-FE4BE9E1089C}"
EndProject
Project("{9A19103F-16F7-4668-BE54-9A1E7A4F7556}") = "ILTFileReaderInterfaces", "OpenVectorFormat\ReaderWriter\3rdPartyFormatAdapters\CLI_ILT\ILTFileReaderInterfaces\ILTFileReaderInterfaces.csproj", "{87E9AF63-7B12-4603-BFDC-1732767C72D1}"
EndProject
Project("{9A19103F-16F7-4668-BE54-9A1E7A4F7556}") = "ASPFileReaderWriter", "OpenVectorFormat\ReaderWriter\3rdPartyFormatAdapters\ASP\ASPFileReaderWriter\ASPFileReaderWriter.csproj", "{2E694F0B-645B-415B-8F7B-6DC40DAE4B2C}"
EndProject
Project("{FAE04EC0-301F-11D3-BF4B-00C04F79EFBC}") = "OVFSliceViewerBusinessLayer", "SliceViewerBusinessLayer\OVFSliceViewerBusinessLayer.csproj", "{8215D0F3-61F8-4D56-BE81-476FD8E257D1}"
EndProject
Global
	GlobalSection(SolutionConfigurationPlatforms) = preSolution
		Debug|Any CPU = Debug|Any CPU
		Debug|x64 = Debug|x64
		Release|Any CPU = Release|Any CPU
		Release|x64 = Release|x64
	EndGlobalSection
	GlobalSection(ProjectConfigurationPlatforms) = postSolution
		{131DF945-694C-44EE-93E8-91506D8EC2BE}.Debug|Any CPU.ActiveCfg = Debug|Any CPU
		{131DF945-694C-44EE-93E8-91506D8EC2BE}.Debug|Any CPU.Build.0 = Debug|Any CPU
		{131DF945-694C-44EE-93E8-91506D8EC2BE}.Debug|x64.ActiveCfg = Debug|x64
		{131DF945-694C-44EE-93E8-91506D8EC2BE}.Debug|x64.Build.0 = Debug|x64
		{131DF945-694C-44EE-93E8-91506D8EC2BE}.Release|Any CPU.ActiveCfg = Release|Any CPU
		{131DF945-694C-44EE-93E8-91506D8EC2BE}.Release|Any CPU.Build.0 = Release|Any CPU
		{131DF945-694C-44EE-93E8-91506D8EC2BE}.Release|x64.ActiveCfg = Release|x64
		{131DF945-694C-44EE-93E8-91506D8EC2BE}.Release|x64.Build.0 = Release|x64
		{662B5772-45FB-4250-B295-CF943E7EE18A}.Debug|Any CPU.ActiveCfg = Debug|Any CPU
		{662B5772-45FB-4250-B295-CF943E7EE18A}.Debug|Any CPU.Build.0 = Debug|Any CPU
		{662B5772-45FB-4250-B295-CF943E7EE18A}.Debug|x64.ActiveCfg = Debug|x64
		{662B5772-45FB-4250-B295-CF943E7EE18A}.Debug|x64.Build.0 = Debug|x64
		{662B5772-45FB-4250-B295-CF943E7EE18A}.Release|Any CPU.ActiveCfg = Release|Any CPU
		{662B5772-45FB-4250-B295-CF943E7EE18A}.Release|Any CPU.Build.0 = Release|Any CPU
		{662B5772-45FB-4250-B295-CF943E7EE18A}.Release|x64.ActiveCfg = Release|x64
		{662B5772-45FB-4250-B295-CF943E7EE18A}.Release|x64.Build.0 = Release|x64
		{D0488E66-2536-45F7-B298-DDBE80A1DAEE}.Debug|Any CPU.ActiveCfg = Debug|Any CPU
		{D0488E66-2536-45F7-B298-DDBE80A1DAEE}.Debug|Any CPU.Build.0 = Debug|Any CPU
		{D0488E66-2536-45F7-B298-DDBE80A1DAEE}.Debug|x64.ActiveCfg = Debug|x64
		{D0488E66-2536-45F7-B298-DDBE80A1DAEE}.Debug|x64.Build.0 = Debug|x64
		{D0488E66-2536-45F7-B298-DDBE80A1DAEE}.Release|Any CPU.ActiveCfg = Release|Any CPU
		{D0488E66-2536-45F7-B298-DDBE80A1DAEE}.Release|Any CPU.Build.0 = Release|Any CPU
		{D0488E66-2536-45F7-B298-DDBE80A1DAEE}.Release|x64.ActiveCfg = Release|x64
		{D0488E66-2536-45F7-B298-DDBE80A1DAEE}.Release|x64.Build.0 = Release|x64
		{F704F525-35D2-4138-8F95-14F8F5A0AD92}.Debug|Any CPU.ActiveCfg = Debug|Any CPU
		{F704F525-35D2-4138-8F95-14F8F5A0AD92}.Debug|Any CPU.Build.0 = Debug|Any CPU
		{F704F525-35D2-4138-8F95-14F8F5A0AD92}.Debug|x64.ActiveCfg = Debug|Any CPU
		{F704F525-35D2-4138-8F95-14F8F5A0AD92}.Debug|x64.Build.0 = Debug|Any CPU
		{F704F525-35D2-4138-8F95-14F8F5A0AD92}.Release|Any CPU.ActiveCfg = Release|Any CPU
		{F704F525-35D2-4138-8F95-14F8F5A0AD92}.Release|Any CPU.Build.0 = Release|Any CPU
		{F704F525-35D2-4138-8F95-14F8F5A0AD92}.Release|x64.ActiveCfg = Release|Any CPU
		{F704F525-35D2-4138-8F95-14F8F5A0AD92}.Release|x64.Build.0 = Release|Any CPU
		{434B0150-3E6A-4367-AE3D-8FE223EF124A}.Debug|Any CPU.ActiveCfg = Debug|Any CPU
		{434B0150-3E6A-4367-AE3D-8FE223EF124A}.Debug|Any CPU.Build.0 = Debug|Any CPU
		{434B0150-3E6A-4367-AE3D-8FE223EF124A}.Debug|x64.ActiveCfg = Debug|Any CPU
		{434B0150-3E6A-4367-AE3D-8FE223EF124A}.Debug|x64.Build.0 = Debug|Any CPU
		{434B0150-3E6A-4367-AE3D-8FE223EF124A}.Release|Any CPU.ActiveCfg = Release|Any CPU
		{434B0150-3E6A-4367-AE3D-8FE223EF124A}.Release|Any CPU.Build.0 = Release|Any CPU
		{434B0150-3E6A-4367-AE3D-8FE223EF124A}.Release|x64.ActiveCfg = Release|Any CPU
		{434B0150-3E6A-4367-AE3D-8FE223EF124A}.Release|x64.Build.0 = Release|Any CPU
		{BEB4B8D5-C1E1-459A-B15E-CF222E585723}.Debug|Any CPU.ActiveCfg = Debug|Any CPU
		{BEB4B8D5-C1E1-459A-B15E-CF222E585723}.Debug|Any CPU.Build.0 = Debug|Any CPU
		{BEB4B8D5-C1E1-459A-B15E-CF222E585723}.Debug|x64.ActiveCfg = Debug|x64
		{BEB4B8D5-C1E1-459A-B15E-CF222E585723}.Debug|x64.Build.0 = Debug|x64
		{BEB4B8D5-C1E1-459A-B15E-CF222E585723}.Release|Any CPU.ActiveCfg = Release|Any CPU
		{BEB4B8D5-C1E1-459A-B15E-CF222E585723}.Release|Any CPU.Build.0 = Release|Any CPU
		{BEB4B8D5-C1E1-459A-B15E-CF222E585723}.Release|x64.ActiveCfg = Release|x64
		{BEB4B8D5-C1E1-459A-B15E-CF222E585723}.Release|x64.Build.0 = Release|x64
		{C6CA8E21-76A4-4F3C-A914-DD8ECE58A87F}.Debug|Any CPU.ActiveCfg = Debug|Any CPU
		{C6CA8E21-76A4-4F3C-A914-DD8ECE58A87F}.Debug|Any CPU.Build.0 = Debug|Any CPU
		{C6CA8E21-76A4-4F3C-A914-DD8ECE58A87F}.Debug|x64.ActiveCfg = Debug|x64
		{C6CA8E21-76A4-4F3C-A914-DD8ECE58A87F}.Debug|x64.Build.0 = Debug|x64
		{C6CA8E21-76A4-4F3C-A914-DD8ECE58A87F}.Release|Any CPU.ActiveCfg = Release|Any CPU
		{C6CA8E21-76A4-4F3C-A914-DD8ECE58A87F}.Release|Any CPU.Build.0 = Release|Any CPU
		{C6CA8E21-76A4-4F3C-A914-DD8ECE58A87F}.Release|x64.ActiveCfg = Release|x64
		{C6CA8E21-76A4-4F3C-A914-DD8ECE58A87F}.Release|x64.Build.0 = Release|x64
		{DE72F5E5-2F92-4ECC-9287-FE4BE9E1089C}.Debug|Any CPU.ActiveCfg = Debug|Any CPU
		{DE72F5E5-2F92-4ECC-9287-FE4BE9E1089C}.Debug|Any CPU.Build.0 = Debug|Any CPU
		{DE72F5E5-2F92-4ECC-9287-FE4BE9E1089C}.Debug|x64.ActiveCfg = Debug|x64
		{DE72F5E5-2F92-4ECC-9287-FE4BE9E1089C}.Debug|x64.Build.0 = Debug|x64
		{DE72F5E5-2F92-4ECC-9287-FE4BE9E1089C}.Release|Any CPU.ActiveCfg = Release|Any CPU
		{DE72F5E5-2F92-4ECC-9287-FE4BE9E1089C}.Release|Any CPU.Build.0 = Release|Any CPU
		{DE72F5E5-2F92-4ECC-9287-FE4BE9E1089C}.Release|x64.ActiveCfg = Release|x64
		{DE72F5E5-2F92-4ECC-9287-FE4BE9E1089C}.Release|x64.Build.0 = Release|x64
		{87E9AF63-7B12-4603-BFDC-1732767C72D1}.Debug|Any CPU.ActiveCfg = Debug|Any CPU
		{87E9AF63-7B12-4603-BFDC-1732767C72D1}.Debug|Any CPU.Build.0 = Debug|Any CPU
		{87E9AF63-7B12-4603-BFDC-1732767C72D1}.Debug|x64.ActiveCfg = Debug|x64
		{87E9AF63-7B12-4603-BFDC-1732767C72D1}.Debug|x64.Build.0 = Debug|x64
		{87E9AF63-7B12-4603-BFDC-1732767C72D1}.Release|Any CPU.ActiveCfg = Release|Any CPU
		{87E9AF63-7B12-4603-BFDC-1732767C72D1}.Release|Any CPU.Build.0 = Release|Any CPU
		{87E9AF63-7B12-4603-BFDC-1732767C72D1}.Release|x64.ActiveCfg = Release|x64
		{87E9AF63-7B12-4603-BFDC-1732767C72D1}.Release|x64.Build.0 = Release|x64
		{2E694F0B-645B-415B-8F7B-6DC40DAE4B2C}.Debug|Any CPU.ActiveCfg = Debug|Any CPU
		{2E694F0B-645B-415B-8F7B-6DC40DAE4B2C}.Debug|Any CPU.Build.0 = Debug|Any CPU
		{2E694F0B-645B-415B-8F7B-6DC40DAE4B2C}.Debug|x64.ActiveCfg = Debug|x64
		{2E694F0B-645B-415B-8F7B-6DC40DAE4B2C}.Debug|x64.Build.0 = Debug|x64
		{2E694F0B-645B-415B-8F7B-6DC40DAE4B2C}.Release|Any CPU.ActiveCfg = Release|Any CPU
		{2E694F0B-645B-415B-8F7B-6DC40DAE4B2C}.Release|Any CPU.Build.0 = Release|Any CPU
		{2E694F0B-645B-415B-8F7B-6DC40DAE4B2C}.Release|x64.ActiveCfg = Release|x64
		{2E694F0B-645B-415B-8F7B-6DC40DAE4B2C}.Release|x64.Build.0 = Release|x64
		{8215D0F3-61F8-4D56-BE81-476FD8E257D1}.Debug|Any CPU.ActiveCfg = Debug|Any CPU
		{8215D0F3-61F8-4D56-BE81-476FD8E257D1}.Debug|Any CPU.Build.0 = Debug|Any CPU
		{8215D0F3-61F8-4D56-BE81-476FD8E257D1}.Debug|x64.ActiveCfg = Debug|Any CPU
		{8215D0F3-61F8-4D56-BE81-476FD8E257D1}.Debug|x64.Build.0 = Debug|Any CPU
		{8215D0F3-61F8-4D56-BE81-476FD8E257D1}.Release|Any CPU.ActiveCfg = Release|Any CPU
		{8215D0F3-61F8-4D56-BE81-476FD8E257D1}.Release|Any CPU.Build.0 = Release|Any CPU
		{8215D0F3-61F8-4D56-BE81-476FD8E257D1}.Release|x64.ActiveCfg = Release|Any CPU
		{8215D0F3-61F8-4D56-BE81-476FD8E257D1}.Release|x64.Build.0 = Release|Any CPU
	EndGlobalSection
	GlobalSection(SolutionProperties) = preSolution
		HideSolutionNode = FALSE
	EndGlobalSection
	GlobalSection(NestedProjects) = preSolution
		{662B5772-45FB-4250-B295-CF943E7EE18A} = {386EB411-E8E4-4DF0-8914-78773C0B0265}
		{D0488E66-2536-45F7-B298-DDBE80A1DAEE} = {386EB411-E8E4-4DF0-8914-78773C0B0265}
		{F704F525-35D2-4138-8F95-14F8F5A0AD92} = {386EB411-E8E4-4DF0-8914-78773C0B0265}
		{434B0150-3E6A-4367-AE3D-8FE223EF124A} = {386EB411-E8E4-4DF0-8914-78773C0B0265}
		{BEB4B8D5-C1E1-459A-B15E-CF222E585723} = {386EB411-E8E4-4DF0-8914-78773C0B0265}
		{49255480-F0E1-4A64-A899-F676C4577B61} = {386EB411-E8E4-4DF0-8914-78773C0B0265}
		{C6CA8E21-76A4-4F3C-A914-DD8ECE58A87F} = {49255480-F0E1-4A64-A899-F676C4577B61}
		{DE72F5E5-2F92-4ECC-9287-FE4BE9E1089C} = {49255480-F0E1-4A64-A899-F676C4577B61}
		{87E9AF63-7B12-4603-BFDC-1732767C72D1} = {49255480-F0E1-4A64-A899-F676C4577B61}
		{2E694F0B-645B-415B-8F7B-6DC40DAE4B2C} = {49255480-F0E1-4A64-A899-F676C4577B61}
	EndGlobalSection
	GlobalSection(ExtensibilityGlobals) = postSolution
		SolutionGuid = {30942BB3-77A5-4191-8B77-EF30C8CD0B65}
	EndGlobalSection
EndGlobal
