
Microsoft Visual Studio Solution File, Format Version 12.00
# Visual Studio Version 16
VisualStudioVersion = 16.0.30907.101
MinimumVisualStudioVersion = 10.0.40219.1
Project("{9A19103F-16F7-4668-BE54-9A1E7A4F7556}") = "OVFSliceViewerGUI", "OVFSliceViewerGUI.csproj", "{131DF945-694C-44EE-93E8-91506D8EC2BE}"
EndProject
Project("{9A19103F-16F7-4668-BE54-9A1E7A4F7556}") = "OVFSliceViewerCore", "SliceViewerBusinessLayer\OVFSliceViewerCore.csproj", "{8215D0F3-61F8-4D56-BE81-476FD8E257D1}"
EndProject
Project("{9A19103F-16F7-4668-BE54-9A1E7A4F7556}") = "Geometry3SharpSliceViewer", "Geometry3SharpLight\Geometry3SharpSliceViewer.csproj", "{7451D2C5-B0EA-401A-9B63-44518E728A1A}"
EndProject
Global
	GlobalSection(SolutionConfigurationPlatforms) = preSolution
		Debug|Any CPU = Debug|Any CPU
		Debug|x64 = Debug|x64
		Release|Any CPU = Release|Any CPU
		Release|x64 = Release|x64
	EndGlobalSection
	GlobalSection(ProjectConfigurationPlatforms) = postSolution
		{131DF945-694C-44EE-93E8-91506D8EC2BE}.Debug|Any CPU.ActiveCfg = Debug|Any CPU
		{131DF945-694C-44EE-93E8-91506D8EC2BE}.Debug|Any CPU.Build.0 = Debug|Any CPU
		{131DF945-694C-44EE-93E8-91506D8EC2BE}.Debug|x64.ActiveCfg = Debug|Any CPU
		{131DF945-694C-44EE-93E8-91506D8EC2BE}.Debug|x64.Build.0 = Debug|Any CPU
		{131DF945-694C-44EE-93E8-91506D8EC2BE}.Release|Any CPU.ActiveCfg = Release|Any CPU
		{131DF945-694C-44EE-93E8-91506D8EC2BE}.Release|Any CPU.Build.0 = Release|Any CPU
		{131DF945-694C-44EE-93E8-91506D8EC2BE}.Release|x64.ActiveCfg = Release|x64
		{131DF945-694C-44EE-93E8-91506D8EC2BE}.Release|x64.Build.0 = Release|x64
		{8215D0F3-61F8-4D56-BE81-476FD8E257D1}.Debug|Any CPU.ActiveCfg = Debug|Any CPU
		{8215D0F3-61F8-4D56-BE81-476FD8E257D1}.Debug|Any CPU.Build.0 = Debug|Any CPU
		{8215D0F3-61F8-4D56-BE81-476FD8E257D1}.Debug|x64.ActiveCfg = Debug|Any CPU
		{8215D0F3-61F8-4D56-BE81-476FD8E257D1}.Debug|x64.Build.0 = Debug|Any CPU
		{8215D0F3-61F8-4D56-BE81-476FD8E257D1}.Release|Any CPU.ActiveCfg = Release|Any CPU
		{8215D0F3-61F8-4D56-BE81-476FD8E257D1}.Release|Any CPU.Build.0 = Release|Any CPU
		{8215D0F3-61F8-4D56-BE81-476FD8E257D1}.Release|x64.ActiveCfg = Release|Any CPU
		{8215D0F3-61F8-4D56-BE81-476FD8E257D1}.Release|x64.Build.0 = Release|Any CPU
		{7451D2C5-B0EA-401A-9B63-44518E728A1A}.Debug|Any CPU.ActiveCfg = Debug|Any CPU
		{7451D2C5-B0EA-401A-9B63-44518E728A1A}.Debug|Any CPU.Build.0 = Debug|Any CPU
		{7451D2C5-B0EA-401A-9B63-44518E728A1A}.Debug|x64.ActiveCfg = Debug|x64
		{7451D2C5-B0EA-401A-9B63-44518E728A1A}.Debug|x64.Build.0 = Debug|x64
		{7451D2C5-B0EA-401A-9B63-44518E728A1A}.Release|Any CPU.ActiveCfg = Release|Any CPU
		{7451D2C5-B0EA-401A-9B63-44518E728A1A}.Release|Any CPU.Build.0 = Release|Any CPU
		{7451D2C5-B0EA-401A-9B63-44518E728A1A}.Release|x64.ActiveCfg = Release|Any CPU
		{7451D2C5-B0EA-401A-9B63-44518E728A1A}.Release|x64.Build.0 = Release|Any CPU
	EndGlobalSection
	GlobalSection(SolutionProperties) = preSolution
		HideSolutionNode = FALSE
	EndGlobalSection
	GlobalSection(ExtensibilityGlobals) = postSolution
		SolutionGuid = {30942BB3-77A5-4191-8B77-EF30C8CD0B65}
	EndGlobalSection
EndGlobal
